
Microsoft Visual Studio Solution File, Format Version 12.00
# Visual Studio Version 17
VisualStudioVersion = 17.13.35913.81 d17.13
MinimumVisualStudioVersion = 10.0.40219.1
Project("{FAE04EC0-301F-11D3-BF4B-00C04F79EFBC}") = "AminoChart", "AminoChart\AminoChart.csproj", "{F3F836BB-B47A-4984-BC8E-04D31B281A6D}"
EndProject
Project("{FAE04EC0-301F-11D3-BF4B-00C04F79EFBC}") = "Business_Logic", "Business_Logic\Business_Logic.csproj", "{BDB5FAA1-20EE-4AF1-B66E-815BBF97DBA6}"
EndProject
Project("{FAE04EC0-301F-11D3-BF4B-00C04F79EFBC}") = "Data_Access", "Data_Access\Data_Access.csproj", "{A21F5202-FD42-49B3-8AEA-34F0E4F1B3DF}"
EndProject
Global
	GlobalSection(SolutionConfigurationPlatforms) = preSolution
		Debug|Any CPU = Debug|Any CPU
		Release|Any CPU = Release|Any CPU
	EndGlobalSection
	GlobalSection(ProjectConfigurationPlatforms) = postSolution
		{F3F836BB-B47A-4984-BC8E-04D31B281A6D}.Debug|Any CPU.ActiveCfg = Debug|Any CPU
		{F3F836BB-B47A-4984-BC8E-04D31B281A6D}.Debug|Any CPU.Build.0 = Debug|Any CPU
		{F3F836BB-B47A-4984-BC8E-04D31B281A6D}.Release|Any CPU.ActiveCfg = Release|Any CPU
		{F3F836BB-B47A-4984-BC8E-04D31B281A6D}.Release|Any CPU.Build.0 = Release|Any CPU
		{BDB5FAA1-20EE-4AF1-B66E-815BBF97DBA6}.Debug|Any CPU.ActiveCfg = Debug|Any CPU
		{BDB5FAA1-20EE-4AF1-B66E-815BBF97DBA6}.Debug|Any CPU.Build.0 = Debug|Any CPU
		{BDB5FAA1-20EE-4AF1-B66E-815BBF97DBA6}.Release|Any CPU.ActiveCfg = Release|Any CPU
		{BDB5FAA1-20EE-4AF1-B66E-815BBF97DBA6}.Release|Any CPU.Build.0 = Release|Any CPU
		{A21F5202-FD42-49B3-8AEA-34F0E4F1B3DF}.Debug|Any CPU.ActiveCfg = Debug|Any CPU
		{A21F5202-FD42-49B3-8AEA-34F0E4F1B3DF}.Debug|Any CPU.Build.0 = Debug|Any CPU
		{A21F5202-FD42-49B3-8AEA-34F0E4F1B3DF}.Release|Any CPU.ActiveCfg = Release|Any CPU
		{A21F5202-FD42-49B3-8AEA-34F0E4F1B3DF}.Release|Any CPU.Build.0 = Release|Any CPU
	EndGlobalSection
	GlobalSection(SolutionProperties) = preSolution
		HideSolutionNode = FALSE
	EndGlobalSection
	GlobalSection(ExtensibilityGlobals) = postSolution
		SolutionGuid = {BDB94690-0D11-4956-844F-52BFD79326A8}
	EndGlobalSection
EndGlobal
